
Microsoft Visual Studio Solution File, Format Version 12.00
# Visual Studio Version 16
VisualStudioVersion = 16.0.31729.503
MinimumVisualStudioVersion = 10.0.40219.1
Project("{FAE04EC0-301F-11D3-BF4B-00C04F79EFBC}") = "GreenAPI", "GreenAPI\GreenAPI.csproj", "{A5EE4A7A-10DC-4B34-8337-3919356CDB91}"
EndProject
Project("{FAE04EC0-301F-11D3-BF4B-00C04F79EFBC}") = "GreenMVC", "GreenMVC\GreenMVC.csproj", "{0194F0F3-209D-4A6A-A966-A9E0009C84C0}"
EndProject
Global
	GlobalSection(SolutionConfigurationPlatforms) = preSolution
		Debug|Any CPU = Debug|Any CPU
		Release|Any CPU = Release|Any CPU
	EndGlobalSection
	GlobalSection(ProjectConfigurationPlatforms) = postSolution
		{A5EE4A7A-10DC-4B34-8337-3919356CDB91}.Debug|Any CPU.ActiveCfg = Debug|Any CPU
		{A5EE4A7A-10DC-4B34-8337-3919356CDB91}.Debug|Any CPU.Build.0 = Debug|Any CPU
		{A5EE4A7A-10DC-4B34-8337-3919356CDB91}.Release|Any CPU.ActiveCfg = Release|Any CPU
		{A5EE4A7A-10DC-4B34-8337-3919356CDB91}.Release|Any CPU.Build.0 = Release|Any CPU
		{0194F0F3-209D-4A6A-A966-A9E0009C84C0}.Debug|Any CPU.ActiveCfg = Debug|Any CPU
		{0194F0F3-209D-4A6A-A966-A9E0009C84C0}.Debug|Any CPU.Build.0 = Debug|Any CPU
		{0194F0F3-209D-4A6A-A966-A9E0009C84C0}.Release|Any CPU.ActiveCfg = Release|Any CPU
		{0194F0F3-209D-4A6A-A966-A9E0009C84C0}.Release|Any CPU.Build.0 = Release|Any CPU
	EndGlobalSection
	GlobalSection(SolutionProperties) = preSolution
		HideSolutionNode = FALSE
	EndGlobalSection
	GlobalSection(ExtensibilityGlobals) = postSolution
		SolutionGuid = {F476B968-9519-4D00-8CB6-0CC361C7BF69}
	EndGlobalSection
EndGlobal
